// !$*UTF8*$!
{
	archiveVersion = 1;
	classes = {
	};
	objectVersion = 46;
	objects = {

/* Begin PBXBuildFile section */
		582AD4C51405384F00F19F34 /* Cocoa.framework in Frameworks */ = {isa = PBXBuildFile; fileRef = 582AD4C41405384F00F19F34 /* Cocoa.framework */; };
		582AD4CF1405384F00F19F34 /* InfoPlist.strings in Resources */ = {isa = PBXBuildFile; fileRef = 582AD4CD1405384F00F19F34 /* InfoPlist.strings */; };
		582AD4D11405384F00F19F34 /* main.m in Sources */ = {isa = PBXBuildFile; fileRef = 582AD4D01405384F00F19F34 /* main.m */; };
		582AD4D51405384F00F19F34 /* Credits.rtf in Resources */ = {isa = PBXBuildFile; fileRef = 582AD4D31405384F00F19F34 /* Credits.rtf */; };
		582AD4D81405384F00F19F34 /* SpaceBeaconAppDelegate.m in Sources */ = {isa = PBXBuildFile; fileRef = 582AD4D71405384F00F19F34 /* SpaceBeaconAppDelegate.m */; };
		582AD4DB1405385000F19F34 /* MainMenu.xib in Resources */ = {isa = PBXBuildFile; fileRef = 582AD4D91405385000F19F34 /* MainMenu.xib */; };
/* End PBXBuildFile section */

/* Begin PBXFileReference section */
		582AD4C01405384F00F19F34 /* SpaceBeacon.app */ = {isa = PBXFileReference; explicitFileType = wrapper.application; includeInIndex = 0; path = SpaceBeacon.app; sourceTree = BUILT_PRODUCTS_DIR; };
		582AD4C41405384F00F19F34 /* Cocoa.framework */ = {isa = PBXFileReference; lastKnownFileType = wrapper.framework; name = Cocoa.framework; path = System/Library/Frameworks/Cocoa.framework; sourceTree = SDKROOT; };
		582AD4C71405384F00F19F34 /* AppKit.framework */ = {isa = PBXFileReference; lastKnownFileType = wrapper.framework; name = AppKit.framework; path = System/Library/Frameworks/AppKit.framework; sourceTree = SDKROOT; };
		582AD4C81405384F00F19F34 /* CoreData.framework */ = {isa = PBXFileReference; lastKnownFileType = wrapper.framework; name = CoreData.framework; path = System/Library/Frameworks/CoreData.framework; sourceTree = SDKROOT; };
		582AD4C91405384F00F19F34 /* Foundation.framework */ = {isa = PBXFileReference; lastKnownFileType = wrapper.framework; name = Foundation.framework; path = System/Library/Frameworks/Foundation.framework; sourceTree = SDKROOT; };
		582AD4CC1405384F00F19F34 /* SpaceBeacon-Info.plist */ = {isa = PBXFileReference; path = "SpaceBeacon-Info.plist"; sourceTree = "<group>"; };
		582AD4CE1405384F00F19F34 /* en */ = {isa = PBXFileReference; lastKnownFileType = text.plist.strings; name = en; path = en.lproj/InfoPlist.strings; sourceTree = "<group>"; };
		582AD4D01405384F00F19F34 /* main.m */ = {isa = PBXFileReference; lastKnownFileType = sourcecode.c.objc; path = main.m; sourceTree = "<group>"; };
		582AD4D21405384F00F19F34 /* SpaceBeacon-Prefix.pch */ = {isa = PBXFileReference; path = "SpaceBeacon-Prefix.pch"; sourceTree = "<group>"; };
		582AD4D41405384F00F19F34 /* en */ = {isa = PBXFileReference; lastKnownFileType = text.rtf; name = en; path = en.lproj/Credits.rtf; sourceTree = "<group>"; };
		582AD4D61405384F00F19F34 /* SpaceBeaconAppDelegate.h */ = {isa = PBXFileReference; path = SpaceBeaconAppDelegate.h; sourceTree = "<group>"; };
		582AD4D71405384F00F19F34 /* SpaceBeaconAppDelegate.m */ = {isa = PBXFileReference; lastKnownFileType = sourcecode.c.objc; path = SpaceBeaconAppDelegate.m; sourceTree = "<group>"; };
		582AD4DA1405385000F19F34 /* en */ = {isa = PBXFileReference; lastKnownFileType = file.xib; name = en; path = en.lproj/MainMenu.xib; sourceTree = "<group>"; };
/* End PBXFileReference section */

/* Begin PBXFrameworksBuildPhase section */
		582AD4BD1405384F00F19F34 /* Frameworks */ = {
			isa = PBXFrameworksBuildPhase;
			buildActionMask = 2147483647;
			files = (
				582AD4C51405384F00F19F34 /* Cocoa.framework in Frameworks */,
			);
			runOnlyForDeploymentPostprocessing = 0;
		};
/* End PBXFrameworksBuildPhase section */

/* Begin PBXGroup section */
		582AD4B51405384F00F19F34 = {
			isa = PBXGroup;
			children = (
				582AD4CA1405384F00F19F34 /* SpaceBeacon */,
				582AD4C31405384F00F19F34 /* Frameworks */,
				582AD4C11405384F00F19F34 /* Products */,
			);
			sourceTree = "<group>";
		};
		582AD4C11405384F00F19F34 /* Products */ = {
			isa = PBXGroup;
			children = (
				582AD4C01405384F00F19F34 /* SpaceBeacon.app */,
			);
			name = Products;
			sourceTree = "<group>";
		};
		582AD4C31405384F00F19F34 /* Frameworks */ = {
			isa = PBXGroup;
			children = (
				582AD4C41405384F00F19F34 /* Cocoa.framework */,
				582AD4C61405384F00F19F34 /* Other Frameworks */,
			);
			name = Frameworks;
			sourceTree = "<group>";
		};
		582AD4C61405384F00F19F34 /* Other Frameworks */ = {
			isa = PBXGroup;
			children = (
				582AD4C71405384F00F19F34 /* AppKit.framework */,
				582AD4C81405384F00F19F34 /* CoreData.framework */,
				582AD4C91405384F00F19F34 /* Foundation.framework */,
			);
			name = "Other Frameworks";
			sourceTree = "<group>";
		};
		582AD4CA1405384F00F19F34 /* SpaceBeacon */ = {
			isa = PBXGroup;
			children = (
				582AD4D61405384F00F19F34 /* SpaceBeaconAppDelegate.h */,
				582AD4D71405384F00F19F34 /* SpaceBeaconAppDelegate.m */,
				582AD4D91405385000F19F34 /* MainMenu.xib */,
				582AD4CB1405384F00F19F34 /* Supporting Files */,
			);
			path = SpaceBeacon;
			sourceTree = "<group>";
		};
		582AD4CB1405384F00F19F34 /* Supporting Files */ = {
			isa = PBXGroup;
			children = (
				582AD4CC1405384F00F19F34 /* SpaceBeacon-Info.plist */,
				582AD4CD1405384F00F19F34 /* InfoPlist.strings */,
				582AD4D01405384F00F19F34 /* main.m */,
				582AD4D21405384F00F19F34 /* SpaceBeacon-Prefix.pch */,
				582AD4D31405384F00F19F34 /* Credits.rtf */,
			);
			name = "Supporting Files";
			sourceTree = "<group>";
		};
/* End PBXGroup section */

/* Begin PBXNativeTarget section */
		582AD4BF1405384F00F19F34 /* SpaceBeacon */ = {
			isa = PBXNativeTarget;
			buildConfigurationList = 582AD4DE1405385000F19F34 /* Build configuration list for PBXNativeTarget "SpaceBeacon" */;
			buildPhases = (
				582AD4BC1405384F00F19F34 /* Sources */,
				582AD4BD1405384F00F19F34 /* Frameworks */,
				582AD4BE1405384F00F19F34 /* Resources */,
			);
			buildRules = (
			);
			dependencies = (
			);
			name = SpaceBeacon;
			productName = SpaceBeacon;
			productReference = 582AD4C01405384F00F19F34 /* SpaceBeacon.app */;
			productType = "com.apple.product-type.application";
		};
/* End PBXNativeTarget section */

/* Begin PBXProject section */
		582AD4B71405384F00F19F34 /* Project object */ = {
			isa = PBXProject;
			attributes = {
				ORGANIZATIONNAME = isdead.info;
			};
			buildConfigurationList = 582AD4BA1405384F00F19F34 /* Build configuration list for PBXProject "SpaceBeacon" */;
			compatibilityVersion = "Xcode 3.2";
			developmentRegion = English;
			hasScannedForEncodings = 0;
			knownRegions = (
				en,
			);
			mainGroup = 582AD4B51405384F00F19F34;
			productRefGroup = 582AD4C11405384F00F19F34 /* Products */;
			projectDirPath = "";
			projectRoot = "";
			targets = (
				582AD4BF1405384F00F19F34 /* SpaceBeacon */,
			);
		};
/* End PBXProject section */

/* Begin PBXResourcesBuildPhase section */
		582AD4BE1405384F00F19F34 /* Resources */ = {
			isa = PBXResourcesBuildPhase;
			buildActionMask = 2147483647;
			files = (
				582AD4CF1405384F00F19F34 /* InfoPlist.strings in Resources */,
				582AD4D51405384F00F19F34 /* Credits.rtf in Resources */,
				582AD4DB1405385000F19F34 /* MainMenu.xib in Resources */,
			);
			runOnlyForDeploymentPostprocessing = 0;
		};
/* End PBXResourcesBuildPhase section */

/* Begin PBXSourcesBuildPhase section */
		582AD4BC1405384F00F19F34 /* Sources */ = {
			isa = PBXSourcesBuildPhase;
			buildActionMask = 2147483647;
			files = (
				582AD4D11405384F00F19F34 /* main.m in Sources */,
				582AD4D81405384F00F19F34 /* SpaceBeaconAppDelegate.m in Sources */,
			);
			runOnlyForDeploymentPostprocessing = 0;
		};
/* End PBXSourcesBuildPhase section */

/* Begin PBXVariantGroup section */
		582AD4CD1405384F00F19F34 /* InfoPlist.strings */ = {
			isa = PBXVariantGroup;
			children = (
				582AD4CE1405384F00F19F34 /* en */,
			);
			name = InfoPlist.strings;
			sourceTree = "<group>";
		};
		582AD4D31405384F00F19F34 /* Credits.rtf */ = {
			isa = PBXVariantGroup;
			children = (
				582AD4D41405384F00F19F34 /* en */,
			);
			name = Credits.rtf;
			sourceTree = "<group>";
		};
		582AD4D91405385000F19F34 /* MainMenu.xib */ = {
			isa = PBXVariantGroup;
			children = (
				582AD4DA1405385000F19F34 /* en */,
			);
			name = MainMenu.xib;
			sourceTree = "<group>";
		};
/* End PBXVariantGroup section */

/* Begin XCBuildConfiguration section */
		582AD4DC1405385000F19F34 /* Debug */ = {
			isa = XCBuildConfiguration;
			buildSettings = {
				ALWAYS_SEARCH_USER_PATHS = NO;
				ARCHS = "$(ARCHS_STANDARD_64_BIT)";
				COPY_PHASE_STRIP = NO;
				GCC_C_LANGUAGE_STANDARD = gnu99;
				GCC_DYNAMIC_NO_PIC = NO;
				GCC_ENABLE_OBJC_EXCEPTIONS = YES;
				GCC_OPTIMIZATION_LEVEL = 0;
				GCC_PREPROCESSOR_DEFINITIONS = (
					"DEBUG=1",
					"$(inherited)",
				);
				GCC_SYMBOLS_PRIVATE_EXTERN = NO;
				GCC_VERSION = com.apple.compilers.llvm.clang.1_0;
				GCC_WARN_64_TO_32_BIT_CONVERSION = YES;
				GCC_WARN_ABOUT_MISSING_PROTOTYPES = YES;
				GCC_WARN_ABOUT_RETURN_TYPE = YES;
				GCC_WARN_UNUSED_VARIABLE = YES;
				MACOSX_DEPLOYMENT_TARGET = 10.7;
				ONLY_ACTIVE_ARCH = YES;
				SDKROOT = macosx;
			};
			name = Debug;
		};
		582AD4DD1405385000F19F34 /* Release */ = {
			isa = XCBuildConfiguration;
			buildSettings = {
				ALWAYS_SEARCH_USER_PATHS = NO;
				ARCHS = "$(ARCHS_STANDARD_64_BIT)";
				COPY_PHASE_STRIP = YES;
				DEBUG_INFORMATION_FORMAT = "dwarf-with-dsym";
				GCC_C_LANGUAGE_STANDARD = gnu99;
				GCC_ENABLE_OBJC_EXCEPTIONS = YES;
				GCC_VERSION = com.apple.compilers.llvm.clang.1_0;
				GCC_WARN_64_TO_32_BIT_CONVERSION = YES;
				GCC_WARN_ABOUT_MISSING_PROTOTYPES = YES;
				GCC_WARN_ABOUT_RETURN_TYPE = YES;
				GCC_WARN_UNUSED_VARIABLE = YES;
				MACOSX_DEPLOYMENT_TARGET = 10.7;
				SDKROOT = macosx;
			};
			name = Release;
		};
		582AD4DF1405385000F19F34 /* Debug */ = {
			isa = XCBuildConfiguration;
			buildSettings = {
				GCC_PRECOMPILE_PREFIX_HEADER = YES;
				GCC_PREFIX_HEADER = "SpaceBeacon/SpaceBeacon-Prefix.pch";
				INFOPLIST_FILE = "SpaceBeacon/SpaceBeacon-Info.plist";
				PRODUCT_NAME = "$(TARGET_NAME)";
				WRAPPER_EXTENSION = app;
			};
			name = Debug;
		};
		582AD4E01405385000F19F34 /* Release */ = {
			isa = XCBuildConfiguration;
			buildSettings = {
				GCC_PRECOMPILE_PREFIX_HEADER = YES;
				GCC_PREFIX_HEADER = "SpaceBeacon/SpaceBeacon-Prefix.pch";
				INFOPLIST_FILE = "SpaceBeacon/SpaceBeacon-Info.plist";
				PRODUCT_NAME = "$(TARGET_NAME)";
				WRAPPER_EXTENSION = app;
			};
			name = Release;
		};
/* End XCBuildConfiguration section */

/* Begin XCConfigurationList section */
		582AD4BA1405384F00F19F34 /* Build configuration list for PBXProject "SpaceBeacon" */ = {
			isa = XCConfigurationList;
			buildConfigurations = (
				582AD4DC1405385000F19F34 /* Debug */,
				582AD4DD1405385000F19F34 /* Release */,
			);
			defaultConfigurationIsVisible = 0;
			defaultConfigurationName = Release;
		};
		582AD4DE1405385000F19F34 /* Build configuration list for PBXNativeTarget "SpaceBeacon" */ = {
			isa = XCConfigurationList;
			buildConfigurations = (
				582AD4DF1405385000F19F34 /* Debug */,
				582AD4E01405385000F19F34 /* Release */,
			);
			defaultConfigurationIsVisible = 0;
		};
/* End XCConfigurationList section */
	};
	rootObject = 582AD4B71405384F00F19F34 /* Project object */;
}
